
Microsoft Visual Studio Solution File, Format Version 12.00
# Visual Studio Version 16
VisualStudioVersion = 16.0.32106.194
MinimumVisualStudioVersion = 10.0.40219.1
Project("{FAE04EC0-301F-11D3-BF4B-00C04F79EFBC}") = "Pharmavite_Saja", "Pharmavite_Saja\Pharmavite_Saja.csproj", "{0B8D4992-8900-458B-B620-50DD4188A779}"
EndProject
Global
	GlobalSection(SolutionConfigurationPlatforms) = preSolution
		Debug|Any CPU = Debug|Any CPU
		Release|Any CPU = Release|Any CPU
	EndGlobalSection
	GlobalSection(ProjectConfigurationPlatforms) = postSolution
		{0B8D4992-8900-458B-B620-50DD4188A779}.Debug|Any CPU.ActiveCfg = Debug|Any CPU
		{0B8D4992-8900-458B-B620-50DD4188A779}.Debug|Any CPU.Build.0 = Debug|Any CPU
		{0B8D4992-8900-458B-B620-50DD4188A779}.Release|Any CPU.ActiveCfg = Release|Any CPU
		{0B8D4992-8900-458B-B620-50DD4188A779}.Release|Any CPU.Build.0 = Release|Any CPU
	EndGlobalSection
	GlobalSection(SolutionProperties) = preSolution
		HideSolutionNode = FALSE
	EndGlobalSection
	GlobalSection(ExtensibilityGlobals) = postSolution
		SolutionGuid = {5C63F83C-59C7-4D50-BB35-E07C6B340E4D}
	EndGlobalSection
EndGlobal
